
Microsoft Visual Studio Solution File, Format Version 12.00
# Visual Studio Version 16
VisualStudioVersion = 16.0.32106.194
MinimumVisualStudioVersion = 10.0.40219.1
Project("{FAE04EC0-301F-11D3-BF4B-00C04F79EFBC}") = "MVC-Jai", "MVC-Jai\MVC-Jai.csproj", "{B84EF355-C631-4D3B-8AB8-7EF8A0C5C574}"
EndProject
Global
	GlobalSection(SolutionConfigurationPlatforms) = preSolution
		Debug|Any CPU = Debug|Any CPU
		Release|Any CPU = Release|Any CPU
	EndGlobalSection
	GlobalSection(ProjectConfigurationPlatforms) = postSolution
		{B84EF355-C631-4D3B-8AB8-7EF8A0C5C574}.Debug|Any CPU.ActiveCfg = Debug|Any CPU
		{B84EF355-C631-4D3B-8AB8-7EF8A0C5C574}.Debug|Any CPU.Build.0 = Debug|Any CPU
		{B84EF355-C631-4D3B-8AB8-7EF8A0C5C574}.Release|Any CPU.ActiveCfg = Release|Any CPU
		{B84EF355-C631-4D3B-8AB8-7EF8A0C5C574}.Release|Any CPU.Build.0 = Release|Any CPU
	EndGlobalSection
	GlobalSection(SolutionProperties) = preSolution
		HideSolutionNode = FALSE
	EndGlobalSection
	GlobalSection(ExtensibilityGlobals) = postSolution
		SolutionGuid = {EF8B98C1-10A9-4716-98C9-02BB568C4620}
	EndGlobalSection
EndGlobal
